
Microsoft Visual Studio Solution File, Format Version 11.00
# Visual Studio 2010
Project("{FAE04EC0-301F-11D3-BF4B-00C04F79EFBC}") = "Assembly-CSharp", "Assembly-CSharp.csproj", "{72803CE9-B923-FCDD-5FE6-CADB9FEDBF78}"
EndProject
Project("{FAE04EC0-301F-11D3-BF4B-00C04F79EFBC}") = "Assembly-CSharp-firstpass", "Assembly-CSharp-firstpass.csproj", "{5394ECF3-638A-9464-BC97-B77A502A59E9}"
EndProject
Global
	GlobalSection(SolutionConfigurationPlatforms) = preSolution
		Debug|Any CPU = Debug|Any CPU
		Release|Any CPU = Release|Any CPU
	EndGlobalSection
	GlobalSection(ProjectConfigurationPlatforms) = postSolution
		{72803CE9-B923-FCDD-5FE6-CADB9FEDBF78}.Debug|Any CPU.ActiveCfg = Debug|Any CPU
		{72803CE9-B923-FCDD-5FE6-CADB9FEDBF78}.Debug|Any CPU.Build.0 = Debug|Any CPU
		{72803CE9-B923-FCDD-5FE6-CADB9FEDBF78}.Release|Any CPU.ActiveCfg = Release|Any CPU
		{72803CE9-B923-FCDD-5FE6-CADB9FEDBF78}.Release|Any CPU.Build.0 = Release|Any CPU
		{5394ECF3-638A-9464-BC97-B77A502A59E9}.Debug|Any CPU.ActiveCfg = Debug|Any CPU
		{5394ECF3-638A-9464-BC97-B77A502A59E9}.Debug|Any CPU.Build.0 = Debug|Any CPU
		{5394ECF3-638A-9464-BC97-B77A502A59E9}.Release|Any CPU.ActiveCfg = Release|Any CPU
		{5394ECF3-638A-9464-BC97-B77A502A59E9}.Release|Any CPU.Build.0 = Release|Any CPU
	EndGlobalSection
	GlobalSection(SolutionProperties) = preSolution
		HideSolutionNode = FALSE
	EndGlobalSection
EndGlobal
